// !$*UTF8*$!
{
	archiveVersion = 1;
	classes = {
	};
	objectVersion = 54;
	objects = {

/* Begin PBXBuildFile section */
		00E356F31AD99517003FC87E /* react_nativeTests.m in Sources */ = {isa = PBXBuildFile; fileRef = 00E356F21AD99517003FC87E /* react_nativeTests.m */; };
		13B07FBC1A68108700A75B9A /* AppDelegate.m in Sources */ = {isa = PBXBuildFile; fileRef = 13B07FB01A68108700A75B9A /* AppDelegate.m */; };
		13B07FBF1A68108700A75B9A /* Images.xcassets in Resources */ = {isa = PBXBuildFile; fileRef = 13B07FB51A68108700A75B9A /* Images.xcassets */; };
		13B07FC11A68108700A75B9A /* main.m in Sources */ = {isa = PBXBuildFile; fileRef = 13B07FB71A68108700A75B9A /* main.m */; };
		7EBC58AE26D74BBD0047229A /* Fontisto.ttf in Resources */ = {isa = PBXBuildFile; fileRef = 7EE0AE3726D7478700281144 /* Fontisto.ttf */; };
		7EBC58AF26D74BBD0047229A /* Octicons.ttf in Resources */ = {isa = PBXBuildFile; fileRef = 7EE0AE3826D7478700281144 /* Octicons.ttf */; };
		7EBC58B026D74BBD0047229A /* Feather.ttf in Resources */ = {isa = PBXBuildFile; fileRef = 7EE0AE3926D7478700281144 /* Feather.ttf */; };
		7EBC58B126D74BBD0047229A /* Entypo.ttf in Resources */ = {isa = PBXBuildFile; fileRef = 7EE0AE3A26D7478700281144 /* Entypo.ttf */; };
		7EBC58B226D74BBD0047229A /* FontAwesome5_Brands.ttf in Resources */ = {isa = PBXBuildFile; fileRef = 7EE0AE3B26D7478700281144 /* FontAwesome5_Brands.ttf */; };
		7EBC58B326D74BBD0047229A /* MaterialCommunityIcons.ttf in Resources */ = {isa = PBXBuildFile; fileRef = 7EE0AE3C26D7478700281144 /* MaterialCommunityIcons.ttf */; };
		7EBC58B426D74BBD0047229A /* AntDesign.ttf in Resources */ = {isa = PBXBuildFile; fileRef = 7EE0AE3D26D7478700281144 /* AntDesign.ttf */; };
		7EBC58B526D74BBD0047229A /* Foundation.ttf in Resources */ = {isa = PBXBuildFile; fileRef = 7EE0AE3E26D7478700281144 /* Foundation.ttf */; };
		7EBC58B626D74BBD0047229A /* Ionicons.ttf in Resources */ = {isa = PBXBuildFile; fileRef = 7EE0AE3F26D7478700281144 /* Ionicons.ttf */; };
		7EBC58B726D74BBD0047229A /* FontAwesome5_Solid.ttf in Resources */ = {isa = PBXBuildFile; fileRef = 7EE0AE4026D7478700281144 /* FontAwesome5_Solid.ttf */; };
		7EBC58B826D74BBD0047229A /* FontAwesome5_Regular.ttf in Resources */ = {isa = PBXBuildFile; fileRef = 7EE0AE4126D7478700281144 /* FontAwesome5_Regular.ttf */; };
		7EBC58B926D74BBD0047229A /* FontAwesome.ttf in Resources */ = {isa = PBXBuildFile; fileRef = 7EE0AE4226D7478700281144 /* FontAwesome.ttf */; };
		7EBC58BA26D74BBD0047229A /* Zocial.ttf in Resources */ = {isa = PBXBuildFile; fileRef = 7EE0AE4326D7478700281144 /* Zocial.ttf */; };
		7EBC58BB26D74BBD0047229A /* EvilIcons.ttf in Resources */ = {isa = PBXBuildFile; fileRef = 7EE0AE4426D7478700281144 /* EvilIcons.ttf */; };
		7EBC58BC26D74BBD0047229A /* SimpleLineIcons.ttf in Resources */ = {isa = PBXBuildFile; fileRef = 7EE0AE4526D7478700281144 /* SimpleLineIcons.ttf */; };
		7EBC58BD26D74BBD0047229A /* MaterialIcons.ttf in Resources */ = {isa = PBXBuildFile; fileRef = 7EE0AE4626D7478700281144 /* MaterialIcons.ttf */; };
		7EC641BC26D723F4000F5414 /* Raleway-MediumItalic.ttf in Resources */ = {isa = PBXBuildFile; fileRef = 7EC6419426D723F2000F5414 /* Raleway-MediumItalic.ttf */; };
		7EC641BD26D723F4000F5414 /* Raleway-BlackItalic.ttf in Resources */ = {isa = PBXBuildFile; fileRef = 7EC6419526D723F2000F5414 /* Raleway-BlackItalic.ttf */; };
		7EC641BE26D723F4000F5414 /* Proxima Nova Alt Thin.ttf in Resources */ = {isa = PBXBuildFile; fileRef = 7EC6419626D723F2000F5414 /* Proxima Nova Alt Thin.ttf */; };
		7EC641BF26D723F4000F5414 /* NexaTextDemo-Bold.ttf in Resources */ = {isa = PBXBuildFile; fileRef = 7EC6419726D723F2000F5414 /* NexaTextDemo-Bold.ttf */; };
		7EC641C026D723F4000F5414 /* Raleway-Medium.ttf in Resources */ = {isa = PBXBuildFile; fileRef = 7EC6419826D723F2000F5414 /* Raleway-Medium.ttf */; };
		7EC641C126D723F4000F5414 /* NexaTextDemo-Light.ttf in Resources */ = {isa = PBXBuildFile; fileRef = 7EC6419926D723F2000F5414 /* NexaTextDemo-Light.ttf */; };
		7EC641C226D723F4000F5414 /* OpenSans-Regular.ttf in Resources */ = {isa = PBXBuildFile; fileRef = 7EC6419A26D723F2000F5414 /* OpenSans-Regular.ttf */; };
		7EC641C326D723F4000F5414 /* OpenSans-SemiBold.ttf in Resources */ = {isa = PBXBuildFile; fileRef = 7EC6419B26D723F2000F5414 /* OpenSans-SemiBold.ttf */; };
		7EC641C426D723F4000F5414 /* Proxima Nova Alt Bold.ttf in Resources */ = {isa = PBXBuildFile; fileRef = 7EC6419C26D723F2000F5414 /* Proxima Nova Alt Bold.ttf */; };
		7EC641C526D723F4000F5414 /* Raleway-ExtraBold.ttf in Resources */ = {isa = PBXBuildFile; fileRef = 7EC6419D26D723F3000F5414 /* Raleway-ExtraBold.ttf */; };
		7EC641C626D723F4000F5414 /* Raleway-ExtraLight.ttf in Resources */ = {isa = PBXBuildFile; fileRef = 7EC6419E26D723F3000F5414 /* Raleway-ExtraLight.ttf */; };
		7EC641C726D723F4000F5414 /* ProximaNova-Regular.ttf in Resources */ = {isa = PBXBuildFile; fileRef = 7EC6419F26D723F3000F5414 /* ProximaNova-Regular.ttf */; };
		7EC641C826D723F4000F5414 /* Proxima Nova Thin.ttf in Resources */ = {isa = PBXBuildFile; fileRef = 7EC641A026D723F3000F5414 /* Proxima Nova Thin.ttf */; };
		7EC641C926D723F4000F5414 /* NexaDemo-Light.ttf in Resources */ = {isa = PBXBuildFile; fileRef = 7EC641A126D723F3000F5414 /* NexaDemo-Light.ttf */; };
		7EC641CA26D723F4000F5414 /* Raleway-Light.ttf in Resources */ = {isa = PBXBuildFile; fileRef = 7EC641A226D723F3000F5414 /* Raleway-Light.ttf */; };
		7EC641CB26D723F4000F5414 /* Raleway-ExtraLightItalic.ttf in Resources */ = {isa = PBXBuildFile; fileRef = 7EC641A326D723F3000F5414 /* Raleway-ExtraLightItalic.ttf */; };
		7EC641CC26D723F4000F5414 /* OpenSans-BoldItalic.ttf in Resources */ = {isa = PBXBuildFile; fileRef = 7EC641A426D723F3000F5414 /* OpenSans-BoldItalic.ttf */; };
		7EC641CD26D723F4000F5414 /* OpenSans-Italic.ttf in Resources */ = {isa = PBXBuildFile; fileRef = 7EC641A526D723F3000F5414 /* OpenSans-Italic.ttf */; };
		7EC641CE26D723F4000F5414 /* Raleway-BoldItalic.ttf in Resources */ = {isa = PBXBuildFile; fileRef = 7EC641A626D723F3000F5414 /* Raleway-BoldItalic.ttf */; };
		7EC641CF26D723F4000F5414 /* OpenSans-SemiBoldItalic.ttf in Resources */ = {isa = PBXBuildFile; fileRef = 7EC641A726D723F3000F5414 /* OpenSans-SemiBoldItalic.ttf */; };
		7EC641D026D723F4000F5414 /* OpenSans-Bold.ttf in Resources */ = {isa = PBXBuildFile; fileRef = 7EC641A826D723F3000F5414 /* OpenSans-Bold.ttf */; };
		7EC641D126D723F4000F5414 /* Raleway-SemiBold.ttf in Resources */ = {isa = PBXBuildFile; fileRef = 7EC641A926D723F3000F5414 /* Raleway-SemiBold.ttf */; };
		7EC641D226D723F4000F5414 /* Raleway-Thin.ttf in Resources */ = {isa = PBXBuildFile; fileRef = 7EC641AA26D723F3000F5414 /* Raleway-Thin.ttf */; };
		7EC641D326D723F4000F5414 /* Proxima Nova Bold.ttf in Resources */ = {isa = PBXBuildFile; fileRef = 7EC641AB26D723F3000F5414 /* Proxima Nova Bold.ttf */; };
		7EC641D426D723F4000F5414 /* Raleway-Bold.ttf in Resources */ = {isa = PBXBuildFile; fileRef = 7EC641AC26D723F3000F5414 /* Raleway-Bold.ttf */; };
		7EC641D526D723F4000F5414 /* Raleway-Black.ttf in Resources */ = {isa = PBXBuildFile; fileRef = 7EC641AD26D723F3000F5414 /* Raleway-Black.ttf */; };
		7EC641D626D723F4000F5414 /* NexaDemo-Bold.ttf in Resources */ = {isa = PBXBuildFile; fileRef = 7EC641AE26D723F3000F5414 /* NexaDemo-Bold.ttf */; };
		7EC641D726D723F4000F5414 /* Raleway-LightItalic.ttf in Resources */ = {isa = PBXBuildFile; fileRef = 7EC641AF26D723F3000F5414 /* Raleway-LightItalic.ttf */; };
		7EC641D826D723F4000F5414 /* OpenSans-LightItalic.ttf in Resources */ = {isa = PBXBuildFile; fileRef = 7EC641B026D723F3000F5414 /* OpenSans-LightItalic.ttf */; };
		7EC641D926D723F4000F5414 /* OpenSans-ExtraBold.ttf in Resources */ = {isa = PBXBuildFile; fileRef = 7EC641B126D723F4000F5414 /* OpenSans-ExtraBold.ttf */; };
		7EC641DA26D723F4000F5414 /* Raleway-ExtraBoldItalic.ttf in Resources */ = {isa = PBXBuildFile; fileRef = 7EC641B226D723F4000F5414 /* Raleway-ExtraBoldItalic.ttf */; };
		7EC641DB26D723F4000F5414 /* Raleway-Italic.ttf in Resources */ = {isa = PBXBuildFile; fileRef = 7EC641B326D723F4000F5414 /* Raleway-Italic.ttf */; };
		7EC641DC26D723F4000F5414 /* Proxima Nova Extrabold.ttf in Resources */ = {isa = PBXBuildFile; fileRef = 7EC641B426D723F4000F5414 /* Proxima Nova Extrabold.ttf */; };
		7EC641DD26D723F4000F5414 /* OpenSans-Light.ttf in Resources */ = {isa = PBXBuildFile; fileRef = 7EC641B526D723F4000F5414 /* OpenSans-Light.ttf */; };
		7EC641DE26D723F4000F5414 /* Proxima Nova Alt Light.ttf in Resources */ = {isa = PBXBuildFile; fileRef = 7EC641B626D723F4000F5414 /* Proxima Nova Alt Light.ttf */; };
		7EC641DF26D723F4000F5414 /* Proxima Nova Black.ttf in Resources */ = {isa = PBXBuildFile; fileRef = 7EC641B726D723F4000F5414 /* Proxima Nova Black.ttf */; };
		7EC641E026D723F4000F5414 /* OpenSans-ExtraBoldItalic.ttf in Resources */ = {isa = PBXBuildFile; fileRef = 7EC641B826D723F4000F5414 /* OpenSans-ExtraBoldItalic.ttf */; };
		7EC641E126D723F4000F5414 /* Raleway-SemiBoldItalic.ttf in Resources */ = {isa = PBXBuildFile; fileRef = 7EC641B926D723F4000F5414 /* Raleway-SemiBoldItalic.ttf */; };
		7EC641E226D723F4000F5414 /* Raleway-Regular.ttf in Resources */ = {isa = PBXBuildFile; fileRef = 7EC641BA26D723F4000F5414 /* Raleway-Regular.ttf */; };
		7EC641E326D723F4000F5414 /* Raleway-ThinItalic.ttf in Resources */ = {isa = PBXBuildFile; fileRef = 7EC641BB26D723F4000F5414 /* Raleway-ThinItalic.ttf */; };
		81AB9BB82411601600AC10FF /* LaunchScreen.storyboard in Resources */ = {isa = PBXBuildFile; fileRef = 81AB9BB72411601600AC10FF /* LaunchScreen.storyboard */; };
		8F67A211BD91F9DF780B3067 /* libPods-react_native.a in Frameworks */ = {isa = PBXBuildFile; fileRef = E95E873C3F1DE3B3349EE23C /* libPods-react_native.a */; };
		CA8FBA61D54C5BE006BA5C9F /* libPods-react_native-react_nativeTests.a in Frameworks */ = {isa = PBXBuildFile; fileRef = EE178590C0A4373894814E90 /* libPods-react_native-react_nativeTests.a */; };
/* End PBXBuildFile section */

/* Begin PBXContainerItemProxy section */
		00E356F41AD99517003FC87E /* PBXContainerItemProxy */ = {
			isa = PBXContainerItemProxy;
			containerPortal = 83CBB9F71A601CBA00E9B192 /* Project object */;
			proxyType = 1;
			remoteGlobalIDString = 13B07F861A680F5B00A75B9A;
			remoteInfo = react_native;
		};
/* End PBXContainerItemProxy section */

/* Begin PBXFileReference section */
		00E356EE1AD99517003FC87E /* react_nativeTests.xctest */ = {isa = PBXFileReference; explicitFileType = wrapper.cfbundle; includeInIndex = 0; path = react_nativeTests.xctest; sourceTree = BUILT_PRODUCTS_DIR; };
		00E356F11AD99517003FC87E /* Info.plist */ = {isa = PBXFileReference; lastKnownFileType = text.plist.xml; path = Info.plist; sourceTree = "<group>"; };
		00E356F21AD99517003FC87E /* react_nativeTests.m */ = {isa = PBXFileReference; lastKnownFileType = sourcecode.c.objc; path = react_nativeTests.m; sourceTree = "<group>"; };
		13B07F961A680F5B00A75B9A /* react_native.app */ = {isa = PBXFileReference; explicitFileType = wrapper.application; includeInIndex = 0; path = react_native.app; sourceTree = BUILT_PRODUCTS_DIR; };
		13B07FAF1A68108700A75B9A /* AppDelegate.h */ = {isa = PBXFileReference; fileEncoding = 4; lastKnownFileType = sourcecode.c.h; name = AppDelegate.h; path = react_native/AppDelegate.h; sourceTree = "<group>"; };
		13B07FB01A68108700A75B9A /* AppDelegate.m */ = {isa = PBXFileReference; fileEncoding = 4; lastKnownFileType = sourcecode.c.objc; name = AppDelegate.m; path = react_native/AppDelegate.m; sourceTree = "<group>"; };
		13B07FB51A68108700A75B9A /* Images.xcassets */ = {isa = PBXFileReference; lastKnownFileType = folder.assetcatalog; name = Images.xcassets; path = react_native/Images.xcassets; sourceTree = "<group>"; };
		13B07FB61A68108700A75B9A /* Info.plist */ = {isa = PBXFileReference; fileEncoding = 4; lastKnownFileType = text.plist.xml; name = Info.plist; path = react_native/Info.plist; sourceTree = "<group>"; };
		13B07FB71A68108700A75B9A /* main.m */ = {isa = PBXFileReference; fileEncoding = 4; lastKnownFileType = sourcecode.c.objc; name = main.m; path = react_native/main.m; sourceTree = "<group>"; };
		3C1E386DFEE243E6211DE7BB /* Pods-react_native-react_nativeTests.debug.xcconfig */ = {isa = PBXFileReference; includeInIndex = 1; lastKnownFileType = text.xcconfig; name = "Pods-react_native-react_nativeTests.debug.xcconfig"; path = "Target Support Files/Pods-react_native-react_nativeTests/Pods-react_native-react_nativeTests.debug.xcconfig"; sourceTree = "<group>"; };
		4D13BF20A90E24B983D78148 /* Pods-react_native.debug.xcconfig */ = {isa = PBXFileReference; includeInIndex = 1; lastKnownFileType = text.xcconfig; name = "Pods-react_native.debug.xcconfig"; path = "Target Support Files/Pods-react_native/Pods-react_native.debug.xcconfig"; sourceTree = "<group>"; };
		75761EF50EF77BCA50753A7A /* Pods-react_native-react_nativeTests.release.xcconfig */ = {isa = PBXFileReference; includeInIndex = 1; lastKnownFileType = text.xcconfig; name = "Pods-react_native-react_nativeTests.release.xcconfig"; path = "Target Support Files/Pods-react_native-react_nativeTests/Pods-react_native-react_nativeTests.release.xcconfig"; sourceTree = "<group>"; };
		7EC6419426D723F2000F5414 /* Raleway-MediumItalic.ttf */ = {isa = PBXFileReference; lastKnownFileType = file; name = "Raleway-MediumItalic.ttf"; path = "../assets/fonts/Raleway-MediumItalic.ttf"; sourceTree = "<group>"; };
		7EC6419526D723F2000F5414 /* Raleway-BlackItalic.ttf */ = {isa = PBXFileReference; lastKnownFileType = file; name = "Raleway-BlackItalic.ttf"; path = "../assets/fonts/Raleway-BlackItalic.ttf"; sourceTree = "<group>"; };
		7EC6419626D723F2000F5414 /* Proxima Nova Alt Thin.ttf */ = {isa = PBXFileReference; lastKnownFileType = file; name = "Proxima Nova Alt Thin.ttf"; path = "../assets/fonts/Proxima Nova Alt Thin.ttf"; sourceTree = "<group>"; };
		7EC6419726D723F2000F5414 /* NexaTextDemo-Bold.ttf */ = {isa = PBXFileReference; lastKnownFileType = file; name = "NexaTextDemo-Bold.ttf"; path = "../assets/fonts/NexaTextDemo-Bold.ttf"; sourceTree = "<group>"; };
		7EC6419826D723F2000F5414 /* Raleway-Medium.ttf */ = {isa = PBXFileReference; lastKnownFileType = file; name = "Raleway-Medium.ttf"; path = "../assets/fonts/Raleway-Medium.ttf"; sourceTree = "<group>"; };
		7EC6419926D723F2000F5414 /* NexaTextDemo-Light.ttf */ = {isa = PBXFileReference; lastKnownFileType = file; name = "NexaTextDemo-Light.ttf"; path = "../assets/fonts/NexaTextDemo-Light.ttf"; sourceTree = "<group>"; };
		7EC6419A26D723F2000F5414 /* OpenSans-Regular.ttf */ = {isa = PBXFileReference; lastKnownFileType = file; name = "OpenSans-Regular.ttf"; path = "../assets/fonts/OpenSans-Regular.ttf"; sourceTree = "<group>"; };
		7EC6419B26D723F2000F5414 /* OpenSans-SemiBold.ttf */ = {isa = PBXFileReference; lastKnownFileType = file; name = "OpenSans-SemiBold.ttf"; path = "../assets/fonts/OpenSans-SemiBold.ttf"; sourceTree = "<group>"; };
		7EC6419C26D723F2000F5414 /* Proxima Nova Alt Bold.ttf */ = {isa = PBXFileReference; lastKnownFileType = file; name = "Proxima Nova Alt Bold.ttf"; path = "../assets/fonts/Proxima Nova Alt Bold.ttf"; sourceTree = "<group>"; };
		7EC6419D26D723F3000F5414 /* Raleway-ExtraBold.ttf */ = {isa = PBXFileReference; lastKnownFileType = file; name = "Raleway-ExtraBold.ttf"; path = "../assets/fonts/Raleway-ExtraBold.ttf"; sourceTree = "<group>"; };
		7EC6419E26D723F3000F5414 /* Raleway-ExtraLight.ttf */ = {isa = PBXFileReference; lastKnownFileType = file; name = "Raleway-ExtraLight.ttf"; path = "../assets/fonts/Raleway-ExtraLight.ttf"; sourceTree = "<group>"; };
		7EC6419F26D723F3000F5414 /* ProximaNova-Regular.ttf */ = {isa = PBXFileReference; lastKnownFileType = file; name = "ProximaNova-Regular.ttf"; path = "../assets/fonts/ProximaNova-Regular.ttf"; sourceTree = "<group>"; };
		7EC641A026D723F3000F5414 /* Proxima Nova Thin.ttf */ = {isa = PBXFileReference; lastKnownFileType = file; name = "Proxima Nova Thin.ttf"; path = "../assets/fonts/Proxima Nova Thin.ttf"; sourceTree = "<group>"; };
		7EC641A126D723F3000F5414 /* NexaDemo-Light.ttf */ = {isa = PBXFileReference; lastKnownFileType = file; name = "NexaDemo-Light.ttf"; path = "../assets/fonts/NexaDemo-Light.ttf"; sourceTree = "<group>"; };
		7EC641A226D723F3000F5414 /* Raleway-Light.ttf */ = {isa = PBXFileReference; lastKnownFileType = file; name = "Raleway-Light.ttf"; path = "../assets/fonts/Raleway-Light.ttf"; sourceTree = "<group>"; };
		7EC641A326D723F3000F5414 /* Raleway-ExtraLightItalic.ttf */ = {isa = PBXFileReference; lastKnownFileType = file; name = "Raleway-ExtraLightItalic.ttf"; path = "../assets/fonts/Raleway-ExtraLightItalic.ttf"; sourceTree = "<group>"; };
		7EC641A426D723F3000F5414 /* OpenSans-BoldItalic.ttf */ = {isa = PBXFileReference; lastKnownFileType = file; name = "OpenSans-BoldItalic.ttf"; path = "../assets/fonts/OpenSans-BoldItalic.ttf"; sourceTree = "<group>"; };
		7EC641A526D723F3000F5414 /* OpenSans-Italic.ttf */ = {isa = PBXFileReference; lastKnownFileType = file; name = "OpenSans-Italic.ttf"; path = "../assets/fonts/OpenSans-Italic.ttf"; sourceTree = "<group>"; };
		7EC641A626D723F3000F5414 /* Raleway-BoldItalic.ttf */ = {isa = PBXFileReference; lastKnownFileType = file; name = "Raleway-BoldItalic.ttf"; path = "../assets/fonts/Raleway-BoldItalic.ttf"; sourceTree = "<group>"; };
		7EC641A726D723F3000F5414 /* OpenSans-SemiBoldItalic.ttf */ = {isa = PBXFileReference; lastKnownFileType = file; name = "OpenSans-SemiBoldItalic.ttf"; path = "../assets/fonts/OpenSans-SemiBoldItalic.ttf"; sourceTree = "<group>"; };
		7EC641A826D723F3000F5414 /* OpenSans-Bold.ttf */ = {isa = PBXFileReference; lastKnownFileType = file; name = "OpenSans-Bold.ttf"; path = "../assets/fonts/OpenSans-Bold.ttf"; sourceTree = "<group>"; };
		7EC641A926D723F3000F5414 /* Raleway-SemiBold.ttf */ = {isa = PBXFileReference; lastKnownFileType = file; name = "Raleway-SemiBold.ttf"; path = "../assets/fonts/Raleway-SemiBold.ttf"; sourceTree = "<group>"; };
		7EC641AA26D723F3000F5414 /* Raleway-Thin.ttf */ = {isa = PBXFileReference; lastKnownFileType = file; name = "Raleway-Thin.ttf"; path = "../assets/fonts/Raleway-Thin.ttf"; sourceTree = "<group>"; };
		7EC641AB26D723F3000F5414 /* Proxima Nova Bold.ttf */ = {isa = PBXFileReference; lastKnownFileType = file; name = "Proxima Nova Bold.ttf"; path = "../assets/fonts/Proxima Nova Bold.ttf"; sourceTree = "<group>"; };
		7EC641AC26D723F3000F5414 /* Raleway-Bold.ttf */ = {isa = PBXFileReference; lastKnownFileType = file; name = "Raleway-Bold.ttf"; path = "../assets/fonts/Raleway-Bold.ttf"; sourceTree = "<group>"; };
		7EC641AD26D723F3000F5414 /* Raleway-Black.ttf */ = {isa = PBXFileReference; lastKnownFileType = file; name = "Raleway-Black.ttf"; path = "../assets/fonts/Raleway-Black.ttf"; sourceTree = "<group>"; };
		7EC641AE26D723F3000F5414 /* NexaDemo-Bold.ttf */ = {isa = PBXFileReference; lastKnownFileType = file; name = "NexaDemo-Bold.ttf"; path = "../assets/fonts/NexaDemo-Bold.ttf"; sourceTree = "<group>"; };
		7EC641AF26D723F3000F5414 /* Raleway-LightItalic.ttf */ = {isa = PBXFileReference; lastKnownFileType = file; name = "Raleway-LightItalic.ttf"; path = "../assets/fonts/Raleway-LightItalic.ttf"; sourceTree = "<group>"; };
		7EC641B026D723F3000F5414 /* OpenSans-LightItalic.ttf */ = {isa = PBXFileReference; lastKnownFileType = file; name = "OpenSans-LightItalic.ttf"; path = "../assets/fonts/OpenSans-LightItalic.ttf"; sourceTree = "<group>"; };
		7EC641B126D723F4000F5414 /* OpenSans-ExtraBold.ttf */ = {isa = PBXFileReference; lastKnownFileType = file; name = "OpenSans-ExtraBold.ttf"; path = "../assets/fonts/OpenSans-ExtraBold.ttf"; sourceTree = "<group>"; };
		7EC641B226D723F4000F5414 /* Raleway-ExtraBoldItalic.ttf */ = {isa = PBXFileReference; lastKnownFileType = file; name = "Raleway-ExtraBoldItalic.ttf"; path = "../assets/fonts/Raleway-ExtraBoldItalic.ttf"; sourceTree = "<group>"; };
		7EC641B326D723F4000F5414 /* Raleway-Italic.ttf */ = {isa = PBXFileReference; lastKnownFileType = file; name = "Raleway-Italic.ttf"; path = "../assets/fonts/Raleway-Italic.ttf"; sourceTree = "<group>"; };
		7EC641B426D723F4000F5414 /* Proxima Nova Extrabold.ttf */ = {isa = PBXFileReference; lastKnownFileType = file; name = "Proxima Nova Extrabold.ttf"; path = "../assets/fonts/Proxima Nova Extrabold.ttf"; sourceTree = "<group>"; };
		7EC641B526D723F4000F5414 /* OpenSans-Light.ttf */ = {isa = PBXFileReference; lastKnownFileType = file; name = "OpenSans-Light.ttf"; path = "../assets/fonts/OpenSans-Light.ttf"; sourceTree = "<group>"; };
		7EC641B626D723F4000F5414 /* Proxima Nova Alt Light.ttf */ = {isa = PBXFileReference; lastKnownFileType = file; name = "Proxima Nova Alt Light.ttf"; path = "../assets/fonts/Proxima Nova Alt Light.ttf"; sourceTree = "<group>"; };
		7EC641B726D723F4000F5414 /* Proxima Nova Black.ttf */ = {isa = PBXFileReference; lastKnownFileType = file; name = "Proxima Nova Black.ttf"; path = "../assets/fonts/Proxima Nova Black.ttf"; sourceTree = "<group>"; };
		7EC641B826D723F4000F5414 /* OpenSans-ExtraBoldItalic.ttf */ = {isa = PBXFileReference; lastKnownFileType = file; name = "OpenSans-ExtraBoldItalic.ttf"; path = "../assets/fonts/OpenSans-ExtraBoldItalic.ttf"; sourceTree = "<group>"; };
		7EC641B926D723F4000F5414 /* Raleway-SemiBoldItalic.ttf */ = {isa = PBXFileReference; lastKnownFileType = file; name = "Raleway-SemiBoldItalic.ttf"; path = "../assets/fonts/Raleway-SemiBoldItalic.ttf"; sourceTree = "<group>"; };
		7EC641BA26D723F4000F5414 /* Raleway-Regular.ttf */ = {isa = PBXFileReference; lastKnownFileType = file; name = "Raleway-Regular.ttf"; path = "../assets/fonts/Raleway-Regular.ttf"; sourceTree = "<group>"; };
		7EC641BB26D723F4000F5414 /* Raleway-ThinItalic.ttf */ = {isa = PBXFileReference; lastKnownFileType = file; name = "Raleway-ThinItalic.ttf"; path = "../assets/fonts/Raleway-ThinItalic.ttf"; sourceTree = "<group>"; };
		7EE0AE3726D7478700281144 /* Fontisto.ttf */ = {isa = PBXFileReference; lastKnownFileType = file; path = Fontisto.ttf; sourceTree = "<group>"; };
		7EE0AE3826D7478700281144 /* Octicons.ttf */ = {isa = PBXFileReference; lastKnownFileType = file; path = Octicons.ttf; sourceTree = "<group>"; };
		7EE0AE3926D7478700281144 /* Feather.ttf */ = {isa = PBXFileReference; lastKnownFileType = file; path = Feather.ttf; sourceTree = "<group>"; };
		7EE0AE3A26D7478700281144 /* Entypo.ttf */ = {isa = PBXFileReference; lastKnownFileType = file; path = Entypo.ttf; sourceTree = "<group>"; };
		7EE0AE3B26D7478700281144 /* FontAwesome5_Brands.ttf */ = {isa = PBXFileReference; lastKnownFileType = file; path = FontAwesome5_Brands.ttf; sourceTree = "<group>"; };
		7EE0AE3C26D7478700281144 /* MaterialCommunityIcons.ttf */ = {isa = PBXFileReference; lastKnownFileType = file; path = MaterialCommunityIcons.ttf; sourceTree = "<group>"; };
		7EE0AE3D26D7478700281144 /* AntDesign.ttf */ = {isa = PBXFileReference; lastKnownFileType = file; path = AntDesign.ttf; sourceTree = "<group>"; };
		7EE0AE3E26D7478700281144 /* Foundation.ttf */ = {isa = PBXFileReference; lastKnownFileType = file; path = Foundation.ttf; sourceTree = "<group>"; };
		7EE0AE3F26D7478700281144 /* Ionicons.ttf */ = {isa = PBXFileReference; lastKnownFileType = file; path = Ionicons.ttf; sourceTree = "<group>"; };
		7EE0AE4026D7478700281144 /* FontAwesome5_Solid.ttf */ = {isa = PBXFileReference; lastKnownFileType = file; path = FontAwesome5_Solid.ttf; sourceTree = "<group>"; };
		7EE0AE4126D7478700281144 /* FontAwesome5_Regular.ttf */ = {isa = PBXFileReference; lastKnownFileType = file; path = FontAwesome5_Regular.ttf; sourceTree = "<group>"; };
		7EE0AE4226D7478700281144 /* FontAwesome.ttf */ = {isa = PBXFileReference; lastKnownFileType = file; path = FontAwesome.ttf; sourceTree = "<group>"; };
		7EE0AE4326D7478700281144 /* Zocial.ttf */ = {isa = PBXFileReference; lastKnownFileType = file; path = Zocial.ttf; sourceTree = "<group>"; };
		7EE0AE4426D7478700281144 /* EvilIcons.ttf */ = {isa = PBXFileReference; lastKnownFileType = file; path = EvilIcons.ttf; sourceTree = "<group>"; };
		7EE0AE4526D7478700281144 /* SimpleLineIcons.ttf */ = {isa = PBXFileReference; lastKnownFileType = file; path = SimpleLineIcons.ttf; sourceTree = "<group>"; };
		7EE0AE4626D7478700281144 /* MaterialIcons.ttf */ = {isa = PBXFileReference; lastKnownFileType = file; path = MaterialIcons.ttf; sourceTree = "<group>"; };
		81AB9BB72411601600AC10FF /* LaunchScreen.storyboard */ = {isa = PBXFileReference; fileEncoding = 4; lastKnownFileType = file.storyboard; name = LaunchScreen.storyboard; path = react_native/LaunchScreen.storyboard; sourceTree = "<group>"; };
		E95E873C3F1DE3B3349EE23C /* libPods-react_native.a */ = {isa = PBXFileReference; explicitFileType = archive.ar; includeInIndex = 0; path = "libPods-react_native.a"; sourceTree = BUILT_PRODUCTS_DIR; };
		ED297162215061F000B7C4FE /* JavaScriptCore.framework */ = {isa = PBXFileReference; lastKnownFileType = wrapper.framework; name = JavaScriptCore.framework; path = System/Library/Frameworks/JavaScriptCore.framework; sourceTree = SDKROOT; };
		EE178590C0A4373894814E90 /* libPods-react_native-react_nativeTests.a */ = {isa = PBXFileReference; explicitFileType = archive.ar; includeInIndex = 0; path = "libPods-react_native-react_nativeTests.a"; sourceTree = BUILT_PRODUCTS_DIR; };
		F2163B55018D837D3E824528 /* Pods-react_native.release.xcconfig */ = {isa = PBXFileReference; includeInIndex = 1; lastKnownFileType = text.xcconfig; name = "Pods-react_native.release.xcconfig"; path = "Target Support Files/Pods-react_native/Pods-react_native.release.xcconfig"; sourceTree = "<group>"; };
/* End PBXFileReference section */

/* Begin PBXFrameworksBuildPhase section */
		00E356EB1AD99517003FC87E /* Frameworks */ = {
			isa = PBXFrameworksBuildPhase;
			buildActionMask = 2147483647;
			files = (
				CA8FBA61D54C5BE006BA5C9F /* libPods-react_native-react_nativeTests.a in Frameworks */,
			);
			runOnlyForDeploymentPostprocessing = 0;
		};
		13B07F8C1A680F5B00A75B9A /* Frameworks */ = {
			isa = PBXFrameworksBuildPhase;
			buildActionMask = 2147483647;
			files = (
				8F67A211BD91F9DF780B3067 /* libPods-react_native.a in Frameworks */,
			);
			runOnlyForDeploymentPostprocessing = 0;
		};
/* End PBXFrameworksBuildPhase section */

/* Begin PBXGroup section */
		00E356EF1AD99517003FC87E /* react_nativeTests */ = {
			isa = PBXGroup;
			children = (
				00E356F21AD99517003FC87E /* react_nativeTests.m */,
				00E356F01AD99517003FC87E /* Supporting Files */,
			);
			path = react_nativeTests;
			sourceTree = "<group>";
		};
		00E356F01AD99517003FC87E /* Supporting Files */ = {
			isa = PBXGroup;
			children = (
				00E356F11AD99517003FC87E /* Info.plist */,
			);
			name = "Supporting Files";
			sourceTree = "<group>";
		};
		13749C2CA864C7C58BD47CE8 /* Pods */ = {
			isa = PBXGroup;
			children = (
				4D13BF20A90E24B983D78148 /* Pods-react_native.debug.xcconfig */,
				F2163B55018D837D3E824528 /* Pods-react_native.release.xcconfig */,
				3C1E386DFEE243E6211DE7BB /* Pods-react_native-react_nativeTests.debug.xcconfig */,
				75761EF50EF77BCA50753A7A /* Pods-react_native-react_nativeTests.release.xcconfig */,
			);
			path = Pods;
			sourceTree = "<group>";
		};
		13B07FAE1A68108700A75B9A /* react_native */ = {
			isa = PBXGroup;
			children = (
				13B07FAF1A68108700A75B9A /* AppDelegate.h */,
				13B07FB01A68108700A75B9A /* AppDelegate.m */,
				13B07FB51A68108700A75B9A /* Images.xcassets */,
				13B07FB61A68108700A75B9A /* Info.plist */,
				81AB9BB72411601600AC10FF /* LaunchScreen.storyboard */,
				13B07FB71A68108700A75B9A /* main.m */,
			);
			name = react_native;
			sourceTree = "<group>";
		};
		2D16E6871FA4F8E400B85C8A /* Frameworks */ = {
			isa = PBXGroup;
			children = (
				ED297162215061F000B7C4FE /* JavaScriptCore.framework */,
				E95E873C3F1DE3B3349EE23C /* libPods-react_native.a */,
				EE178590C0A4373894814E90 /* libPods-react_native-react_nativeTests.a */,
			);
			name = Frameworks;
			sourceTree = "<group>";
		};
		7EE0AE3626D7478700281144 /* Fonts */ = {
			isa = PBXGroup;
			children = (
				7EE0AE3726D7478700281144 /* Fontisto.ttf */,
				7EE0AE3826D7478700281144 /* Octicons.ttf */,
				7EE0AE3926D7478700281144 /* Feather.ttf */,
				7EE0AE3A26D7478700281144 /* Entypo.ttf */,
				7EE0AE3B26D7478700281144 /* FontAwesome5_Brands.ttf */,
				7EE0AE3C26D7478700281144 /* MaterialCommunityIcons.ttf */,
				7EE0AE3D26D7478700281144 /* AntDesign.ttf */,
				7EE0AE3E26D7478700281144 /* Foundation.ttf */,
				7EE0AE3F26D7478700281144 /* Ionicons.ttf */,
				7EE0AE4026D7478700281144 /* FontAwesome5_Solid.ttf */,
				7EE0AE4126D7478700281144 /* FontAwesome5_Regular.ttf */,
				7EE0AE4226D7478700281144 /* FontAwesome.ttf */,
				7EE0AE4326D7478700281144 /* Zocial.ttf */,
				7EE0AE4426D7478700281144 /* EvilIcons.ttf */,
				7EE0AE4526D7478700281144 /* SimpleLineIcons.ttf */,
				7EE0AE4626D7478700281144 /* MaterialIcons.ttf */,
			);
			name = Fonts;
			path = "../node_modules/react-native-vector-icons/Fonts";
			sourceTree = "<group>";
		};
		832341AE1AAA6A7D00B99B32 /* Libraries */ = {
			isa = PBXGroup;
			children = (
			);
			name = Libraries;
			sourceTree = "<group>";
		};
		83CBB9F61A601CBA00E9B192 = {
			isa = PBXGroup;
			children = (
				7EE0AE3626D7478700281144 /* Fonts */,
				7EC641AE26D723F3000F5414 /* NexaDemo-Bold.ttf */,
				7EC641A126D723F3000F5414 /* NexaDemo-Light.ttf */,
				7EC6419726D723F2000F5414 /* NexaTextDemo-Bold.ttf */,
				7EC6419926D723F2000F5414 /* NexaTextDemo-Light.ttf */,
				7EC641A826D723F3000F5414 /* OpenSans-Bold.ttf */,
				7EC641A426D723F3000F5414 /* OpenSans-BoldItalic.ttf */,
				7EC641B126D723F4000F5414 /* OpenSans-ExtraBold.ttf */,
				7EC641B826D723F4000F5414 /* OpenSans-ExtraBoldItalic.ttf */,
				7EC641A526D723F3000F5414 /* OpenSans-Italic.ttf */,
				7EC641B526D723F4000F5414 /* OpenSans-Light.ttf */,
				7EC641B026D723F3000F5414 /* OpenSans-LightItalic.ttf */,
				7EC6419A26D723F2000F5414 /* OpenSans-Regular.ttf */,
				7EC6419B26D723F2000F5414 /* OpenSans-SemiBold.ttf */,
				7EC641A726D723F3000F5414 /* OpenSans-SemiBoldItalic.ttf */,
				7EC6419C26D723F2000F5414 /* Proxima Nova Alt Bold.ttf */,
				7EC641B626D723F4000F5414 /* Proxima Nova Alt Light.ttf */,
				7EC6419626D723F2000F5414 /* Proxima Nova Alt Thin.ttf */,
				7EC641B726D723F4000F5414 /* Proxima Nova Black.ttf */,
				7EC641AB26D723F3000F5414 /* Proxima Nova Bold.ttf */,
				7EC641B426D723F4000F5414 /* Proxima Nova Extrabold.ttf */,
				7EC641A026D723F3000F5414 /* Proxima Nova Thin.ttf */,
				7EC6419F26D723F3000F5414 /* ProximaNova-Regular.ttf */,
				7EC641AD26D723F3000F5414 /* Raleway-Black.ttf */,
				7EC6419526D723F2000F5414 /* Raleway-BlackItalic.ttf */,
				7EC641AC26D723F3000F5414 /* Raleway-Bold.ttf */,
				7EC641A626D723F3000F5414 /* Raleway-BoldItalic.ttf */,
				7EC6419D26D723F3000F5414 /* Raleway-ExtraBold.ttf */,
				7EC641B226D723F4000F5414 /* Raleway-ExtraBoldItalic.ttf */,
				7EC6419E26D723F3000F5414 /* Raleway-ExtraLight.ttf */,
				7EC641A326D723F3000F5414 /* Raleway-ExtraLightItalic.ttf */,
				7EC641B326D723F4000F5414 /* Raleway-Italic.ttf */,
				7EC641A226D723F3000F5414 /* Raleway-Light.ttf */,
				7EC641AF26D723F3000F5414 /* Raleway-LightItalic.ttf */,
				7EC6419826D723F2000F5414 /* Raleway-Medium.ttf */,
				7EC6419426D723F2000F5414 /* Raleway-MediumItalic.ttf */,
				7EC641BA26D723F4000F5414 /* Raleway-Regular.ttf */,
				7EC641A926D723F3000F5414 /* Raleway-SemiBold.ttf */,
				7EC641B926D723F4000F5414 /* Raleway-SemiBoldItalic.ttf */,
				7EC641AA26D723F3000F5414 /* Raleway-Thin.ttf */,
				7EC641BB26D723F4000F5414 /* Raleway-ThinItalic.ttf */,
				13B07FAE1A68108700A75B9A /* react_native */,
				832341AE1AAA6A7D00B99B32 /* Libraries */,
				00E356EF1AD99517003FC87E /* react_nativeTests */,
				83CBBA001A601CBA00E9B192 /* Products */,
				2D16E6871FA4F8E400B85C8A /* Frameworks */,
				13749C2CA864C7C58BD47CE8 /* Pods */,
			);
			indentWidth = 2;
			sourceTree = "<group>";
			tabWidth = 2;
			usesTabs = 0;
		};
		83CBBA001A601CBA00E9B192 /* Products */ = {
			isa = PBXGroup;
			children = (
				13B07F961A680F5B00A75B9A /* react_native.app */,
				00E356EE1AD99517003FC87E /* react_nativeTests.xctest */,
			);
			name = Products;
			sourceTree = "<group>";
		};
/* End PBXGroup section */

/* Begin PBXNativeTarget section */
		00E356ED1AD99517003FC87E /* react_nativeTests */ = {
			isa = PBXNativeTarget;
			buildConfigurationList = 00E357021AD99517003FC87E /* Build configuration list for PBXNativeTarget "react_nativeTests" */;
			buildPhases = (
				EF42233BD740D809129D6109 /* [CP] Check Pods Manifest.lock */,
				00E356EA1AD99517003FC87E /* Sources */,
				00E356EB1AD99517003FC87E /* Frameworks */,
				00E356EC1AD99517003FC87E /* Resources */,
				D1CC96C6A8C0EDC5288C1854 /* [CP] Embed Pods Frameworks */,
				06A522FE3A659BDD98D0CE15 /* [CP] Copy Pods Resources */,
			);
			buildRules = (
			);
			dependencies = (
				00E356F51AD99517003FC87E /* PBXTargetDependency */,
			);
			name = react_nativeTests;
			productName = react_nativeTests;
			productReference = 00E356EE1AD99517003FC87E /* react_nativeTests.xctest */;
			productType = "com.apple.product-type.bundle.unit-test";
		};
		13B07F861A680F5B00A75B9A /* react_native */ = {
			isa = PBXNativeTarget;
			buildConfigurationList = 13B07F931A680F5B00A75B9A /* Build configuration list for PBXNativeTarget "react_native" */;
			buildPhases = (
				56BBF71A751189C416E43FB3 /* [CP] Check Pods Manifest.lock */,
				FD10A7F022414F080027D42C /* Start Packager */,
				13B07F871A680F5B00A75B9A /* Sources */,
				13B07F8C1A680F5B00A75B9A /* Frameworks */,
				13B07F8E1A680F5B00A75B9A /* Resources */,
				00DD1BFF1BD5951E006B06BC /* Bundle React Native code and images */,
				D7C5CA48BCA4914C49E8A79E /* [CP] Embed Pods Frameworks */,
				3E457353824BBA3D4891D5AE /* [CP] Copy Pods Resources */,
			);
			buildRules = (
			);
			dependencies = (
			);
			name = react_native;
			productName = react_native;
			productReference = 13B07F961A680F5B00A75B9A /* react_native.app */;
			productType = "com.apple.product-type.application";
		};
/* End PBXNativeTarget section */

/* Begin PBXProject section */
		83CBB9F71A601CBA00E9B192 /* Project object */ = {
			isa = PBXProject;
			attributes = {
				LastUpgradeCheck = 1210;
				TargetAttributes = {
					00E356ED1AD99517003FC87E = {
						CreatedOnToolsVersion = 6.2;
						TestTargetID = 13B07F861A680F5B00A75B9A;
					};
					13B07F861A680F5B00A75B9A = {
						LastSwiftMigration = 1120;
					};
				};
			};
			buildConfigurationList = 83CBB9FA1A601CBA00E9B192 /* Build configuration list for PBXProject "react_native" */;
			compatibilityVersion = "Xcode 12.0";
			developmentRegion = en;
			hasScannedForEncodings = 0;
			knownRegions = (
				en,
				Base,
			);
			mainGroup = 83CBB9F61A601CBA00E9B192;
			productRefGroup = 83CBBA001A601CBA00E9B192 /* Products */;
			projectDirPath = "";
			projectRoot = "";
			targets = (
				13B07F861A680F5B00A75B9A /* react_native */,
				00E356ED1AD99517003FC87E /* react_nativeTests */,
			);
		};
/* End PBXProject section */

/* Begin PBXResourcesBuildPhase section */
		00E356EC1AD99517003FC87E /* Resources */ = {
			isa = PBXResourcesBuildPhase;
			buildActionMask = 2147483647;
			files = (
			);
			runOnlyForDeploymentPostprocessing = 0;
		};
		13B07F8E1A680F5B00A75B9A /* Resources */ = {
			isa = PBXResourcesBuildPhase;
			buildActionMask = 2147483647;
			files = (
				7EBC58AE26D74BBD0047229A /* Fontisto.ttf in Resources */,
				7EBC58AF26D74BBD0047229A /* Octicons.ttf in Resources */,
				7EBC58B026D74BBD0047229A /* Feather.ttf in Resources */,
				7EBC58B126D74BBD0047229A /* Entypo.ttf in Resources */,
				7EBC58B226D74BBD0047229A /* FontAwesome5_Brands.ttf in Resources */,
				7EBC58B326D74BBD0047229A /* MaterialCommunityIcons.ttf in Resources */,
				7EBC58B426D74BBD0047229A /* AntDesign.ttf in Resources */,
				7EBC58B526D74BBD0047229A /* Foundation.ttf in Resources */,
				7EBC58B626D74BBD0047229A /* Ionicons.ttf in Resources */,
				7EBC58B726D74BBD0047229A /* FontAwesome5_Solid.ttf in Resources */,
				7EBC58B826D74BBD0047229A /* FontAwesome5_Regular.ttf in Resources */,
				7EBC58B926D74BBD0047229A /* FontAwesome.ttf in Resources */,
				7EBC58BA26D74BBD0047229A /* Zocial.ttf in Resources */,
				7EBC58BB26D74BBD0047229A /* EvilIcons.ttf in Resources */,
				7EBC58BC26D74BBD0047229A /* SimpleLineIcons.ttf in Resources */,
				7EBC58BD26D74BBD0047229A /* MaterialIcons.ttf in Resources */,
				7EC641BC26D723F4000F5414 /* Raleway-MediumItalic.ttf in Resources */,
				7EC641BD26D723F4000F5414 /* Raleway-BlackItalic.ttf in Resources */,
				7EC641BE26D723F4000F5414 /* Proxima Nova Alt Thin.ttf in Resources */,
				7EC641BF26D723F4000F5414 /* NexaTextDemo-Bold.ttf in Resources */,
				7EC641C026D723F4000F5414 /* Raleway-Medium.ttf in Resources */,
				7EC641C126D723F4000F5414 /* NexaTextDemo-Light.ttf in Resources */,
				7EC641C226D723F4000F5414 /* OpenSans-Regular.ttf in Resources */,
				7EC641C326D723F4000F5414 /* OpenSans-SemiBold.ttf in Resources */,
				7EC641C426D723F4000F5414 /* Proxima Nova Alt Bold.ttf in Resources */,
				7EC641C526D723F4000F5414 /* Raleway-ExtraBold.ttf in Resources */,
				7EC641C626D723F4000F5414 /* Raleway-ExtraLight.ttf in Resources */,
				7EC641C726D723F4000F5414 /* ProximaNova-Regular.ttf in Resources */,
				7EC641C826D723F4000F5414 /* Proxima Nova Thin.ttf in Resources */,
				7EC641C926D723F4000F5414 /* NexaDemo-Light.ttf in Resources */,
				7EC641CA26D723F4000F5414 /* Raleway-Light.ttf in Resources */,
				7EC641CB26D723F4000F5414 /* Raleway-ExtraLightItalic.ttf in Resources */,
				7EC641CC26D723F4000F5414 /* OpenSans-BoldItalic.ttf in Resources */,
				7EC641CD26D723F4000F5414 /* OpenSans-Italic.ttf in Resources */,
				7EC641CE26D723F4000F5414 /* Raleway-BoldItalic.ttf in Resources */,
				7EC641CF26D723F4000F5414 /* OpenSans-SemiBoldItalic.ttf in Resources */,
				7EC641D026D723F4000F5414 /* OpenSans-Bold.ttf in Resources */,
				7EC641D126D723F4000F5414 /* Raleway-SemiBold.ttf in Resources */,
				7EC641D226D723F4000F5414 /* Raleway-Thin.ttf in Resources */,
				7EC641D326D723F4000F5414 /* Proxima Nova Bold.ttf in Resources */,
				7EC641D426D723F4000F5414 /* Raleway-Bold.ttf in Resources */,
				7EC641D526D723F4000F5414 /* Raleway-Black.ttf in Resources */,
				7EC641D626D723F4000F5414 /* NexaDemo-Bold.ttf in Resources */,
				7EC641D726D723F4000F5414 /* Raleway-LightItalic.ttf in Resources */,
				7EC641D826D723F4000F5414 /* OpenSans-LightItalic.ttf in Resources */,
				7EC641D926D723F4000F5414 /* OpenSans-ExtraBold.ttf in Resources */,
				7EC641DA26D723F4000F5414 /* Raleway-ExtraBoldItalic.ttf in Resources */,
				7EC641DB26D723F4000F5414 /* Raleway-Italic.ttf in Resources */,
				7EC641DC26D723F4000F5414 /* Proxima Nova Extrabold.ttf in Resources */,
				7EC641DD26D723F4000F5414 /* OpenSans-Light.ttf in Resources */,
				7EC641DE26D723F4000F5414 /* Proxima Nova Alt Light.ttf in Resources */,
				7EC641DF26D723F4000F5414 /* Proxima Nova Black.ttf in Resources */,
				7EC641E026D723F4000F5414 /* OpenSans-ExtraBoldItalic.ttf in Resources */,
				7EC641E126D723F4000F5414 /* Raleway-SemiBoldItalic.ttf in Resources */,
				7EC641E226D723F4000F5414 /* Raleway-Regular.ttf in Resources */,
				7EC641E326D723F4000F5414 /* Raleway-ThinItalic.ttf in Resources */,
				81AB9BB82411601600AC10FF /* LaunchScreen.storyboard in Resources */,
				13B07FBF1A68108700A75B9A /* Images.xcassets in Resources */,
			);
			runOnlyForDeploymentPostprocessing = 0;
		};
/* End PBXResourcesBuildPhase section */

/* Begin PBXShellScriptBuildPhase section */
		00DD1BFF1BD5951E006B06BC /* Bundle React Native code and images */ = {
			isa = PBXShellScriptBuildPhase;
			buildActionMask = 2147483647;
			files = (
			);
			inputPaths = (
			);
			name = "Bundle React Native code and images";
			outputPaths = (
			);
			runOnlyForDeploymentPostprocessing = 0;
			shellPath = /bin/sh;
			shellScript = "set -e\n\nexport NODE_BINARY=node\n../node_modules/react-native/scripts/react-native-xcode.sh\n";
		};
		06A522FE3A659BDD98D0CE15 /* [CP] Copy Pods Resources */ = {
			isa = PBXShellScriptBuildPhase;
			buildActionMask = 2147483647;
			files = (
			);
			inputFileListPaths = (
				"${PODS_ROOT}/Target Support Files/Pods-react_native-react_nativeTests/Pods-react_native-react_nativeTests-resources-${CONFIGURATION}-input-files.xcfilelist",
			);
			name = "[CP] Copy Pods Resources";
			outputFileListPaths = (
				"${PODS_ROOT}/Target Support Files/Pods-react_native-react_nativeTests/Pods-react_native-react_nativeTests-resources-${CONFIGURATION}-output-files.xcfilelist",
			);
			runOnlyForDeploymentPostprocessing = 0;
			shellPath = /bin/sh;
			shellScript = "\"${PODS_ROOT}/Target Support Files/Pods-react_native-react_nativeTests/Pods-react_native-react_nativeTests-resources.sh\"\n";
			showEnvVarsInLog = 0;
		};
		3E457353824BBA3D4891D5AE /* [CP] Copy Pods Resources */ = {
			isa = PBXShellScriptBuildPhase;
			buildActionMask = 2147483647;
			files = (
			);
			inputFileListPaths = (
				"${PODS_ROOT}/Target Support Files/Pods-react_native/Pods-react_native-resources-${CONFIGURATION}-input-files.xcfilelist",
			);
			name = "[CP] Copy Pods Resources";
			outputFileListPaths = (
				"${PODS_ROOT}/Target Support Files/Pods-react_native/Pods-react_native-resources-${CONFIGURATION}-output-files.xcfilelist",
			);
			runOnlyForDeploymentPostprocessing = 0;
			shellPath = /bin/sh;
			shellScript = "\"${PODS_ROOT}/Target Support Files/Pods-react_native/Pods-react_native-resources.sh\"\n";
			showEnvVarsInLog = 0;
		};
		56BBF71A751189C416E43FB3 /* [CP] Check Pods Manifest.lock */ = {
			isa = PBXShellScriptBuildPhase;
			buildActionMask = 2147483647;
			files = (
			);
			inputFileListPaths = (
			);
			inputPaths = (
				"${PODS_PODFILE_DIR_PATH}/Podfile.lock",
				"${PODS_ROOT}/Manifest.lock",
			);
			name = "[CP] Check Pods Manifest.lock";
			outputFileListPaths = (
			);
			outputPaths = (
				"$(DERIVED_FILE_DIR)/Pods-react_native-checkManifestLockResult.txt",
			);
			runOnlyForDeploymentPostprocessing = 0;
			shellPath = /bin/sh;
			shellScript = "diff \"${PODS_PODFILE_DIR_PATH}/Podfile.lock\" \"${PODS_ROOT}/Manifest.lock\" > /dev/null\nif [ $? != 0 ] ; then\n    # print error to STDERR\n    echo \"error: The sandbox is not in sync with the Podfile.lock. Run 'pod install' or update your CocoaPods installation.\" >&2\n    exit 1\nfi\n# This output is used by Xcode 'outputs' to avoid re-running this script phase.\necho \"SUCCESS\" > \"${SCRIPT_OUTPUT_FILE_0}\"\n";
			showEnvVarsInLog = 0;
		};
		D1CC96C6A8C0EDC5288C1854 /* [CP] Embed Pods Frameworks */ = {
			isa = PBXShellScriptBuildPhase;
			buildActionMask = 2147483647;
			files = (
			);
			inputFileListPaths = (
				"${PODS_ROOT}/Target Support Files/Pods-react_native-react_nativeTests/Pods-react_native-react_nativeTests-frameworks-${CONFIGURATION}-input-files.xcfilelist",
			);
			name = "[CP] Embed Pods Frameworks";
			outputFileListPaths = (
				"${PODS_ROOT}/Target Support Files/Pods-react_native-react_nativeTests/Pods-react_native-react_nativeTests-frameworks-${CONFIGURATION}-output-files.xcfilelist",
			);
			runOnlyForDeploymentPostprocessing = 0;
			shellPath = /bin/sh;
			shellScript = "\"${PODS_ROOT}/Target Support Files/Pods-react_native-react_nativeTests/Pods-react_native-react_nativeTests-frameworks.sh\"\n";
			showEnvVarsInLog = 0;
		};
		D7C5CA48BCA4914C49E8A79E /* [CP] Embed Pods Frameworks */ = {
			isa = PBXShellScriptBuildPhase;
			buildActionMask = 2147483647;
			files = (
			);
			inputFileListPaths = (
				"${PODS_ROOT}/Target Support Files/Pods-react_native/Pods-react_native-frameworks-${CONFIGURATION}-input-files.xcfilelist",
			);
			name = "[CP] Embed Pods Frameworks";
			outputFileListPaths = (
				"${PODS_ROOT}/Target Support Files/Pods-react_native/Pods-react_native-frameworks-${CONFIGURATION}-output-files.xcfilelist",
			);
			runOnlyForDeploymentPostprocessing = 0;
			shellPath = /bin/sh;
			shellScript = "\"${PODS_ROOT}/Target Support Files/Pods-react_native/Pods-react_native-frameworks.sh\"\n";
			showEnvVarsInLog = 0;
		};
		EF42233BD740D809129D6109 /* [CP] Check Pods Manifest.lock */ = {
			isa = PBXShellScriptBuildPhase;
			buildActionMask = 2147483647;
			files = (
			);
			inputFileListPaths = (
			);
			inputPaths = (
				"${PODS_PODFILE_DIR_PATH}/Podfile.lock",
				"${PODS_ROOT}/Manifest.lock",
			);
			name = "[CP] Check Pods Manifest.lock";
			outputFileListPaths = (
			);
			outputPaths = (
				"$(DERIVED_FILE_DIR)/Pods-react_native-react_nativeTests-checkManifestLockResult.txt",
			);
			runOnlyForDeploymentPostprocessing = 0;
			shellPath = /bin/sh;
			shellScript = "diff \"${PODS_PODFILE_DIR_PATH}/Podfile.lock\" \"${PODS_ROOT}/Manifest.lock\" > /dev/null\nif [ $? != 0 ] ; then\n    # print error to STDERR\n    echo \"error: The sandbox is not in sync with the Podfile.lock. Run 'pod install' or update your CocoaPods installation.\" >&2\n    exit 1\nfi\n# This output is used by Xcode 'outputs' to avoid re-running this script phase.\necho \"SUCCESS\" > \"${SCRIPT_OUTPUT_FILE_0}\"\n";
			showEnvVarsInLog = 0;
		};
		FD10A7F022414F080027D42C /* Start Packager */ = {
			isa = PBXShellScriptBuildPhase;
			buildActionMask = 2147483647;
			files = (
			);
			inputFileListPaths = (
			);
			inputPaths = (
			);
			name = "Start Packager";
			outputFileListPaths = (
			);
			outputPaths = (
			);
			runOnlyForDeploymentPostprocessing = 0;
			shellPath = /bin/sh;
			shellScript = "export RCT_METRO_PORT=\"${RCT_METRO_PORT:=8081}\"\necho \"export RCT_METRO_PORT=${RCT_METRO_PORT}\" > \"${SRCROOT}/../node_modules/react-native/scripts/.packager.env\"\nif [ -z \"${RCT_NO_LAUNCH_PACKAGER+xxx}\" ] ; then\n  if nc -w 5 -z localhost ${RCT_METRO_PORT} ; then\n    if ! curl -s \"http://localhost:${RCT_METRO_PORT}/status\" | grep -q \"packager-status:running\" ; then\n      echo \"Port ${RCT_METRO_PORT} already in use, packager is either not running or not running correctly\"\n      exit 2\n    fi\n  else\n    open \"$SRCROOT/../node_modules/react-native/scripts/launchPackager.command\" || echo \"Can't start packager automatically\"\n  fi\nfi\n";
			showEnvVarsInLog = 0;
		};
/* End PBXShellScriptBuildPhase section */

/* Begin PBXSourcesBuildPhase section */
		00E356EA1AD99517003FC87E /* Sources */ = {
			isa = PBXSourcesBuildPhase;
			buildActionMask = 2147483647;
			files = (
				00E356F31AD99517003FC87E /* react_nativeTests.m in Sources */,
			);
			runOnlyForDeploymentPostprocessing = 0;
		};
		13B07F871A680F5B00A75B9A /* Sources */ = {
			isa = PBXSourcesBuildPhase;
			buildActionMask = 2147483647;
			files = (
				13B07FBC1A68108700A75B9A /* AppDelegate.m in Sources */,
				13B07FC11A68108700A75B9A /* main.m in Sources */,
			);
			runOnlyForDeploymentPostprocessing = 0;
		};
/* End PBXSourcesBuildPhase section */

/* Begin PBXTargetDependency section */
		00E356F51AD99517003FC87E /* PBXTargetDependency */ = {
			isa = PBXTargetDependency;
			target = 13B07F861A680F5B00A75B9A /* react_native */;
			targetProxy = 00E356F41AD99517003FC87E /* PBXContainerItemProxy */;
		};
/* End PBXTargetDependency section */

/* Begin XCBuildConfiguration section */
		00E356F61AD99517003FC87E /* Debug */ = {
			isa = XCBuildConfiguration;
			baseConfigurationReference = 3C1E386DFEE243E6211DE7BB /* Pods-react_native-react_nativeTests.debug.xcconfig */;
			buildSettings = {
				BUNDLE_LOADER = "$(TEST_HOST)";
				GCC_PREPROCESSOR_DEFINITIONS = (
					"DEBUG=1",
					"$(inherited)",
				);
				INFOPLIST_FILE = react_nativeTests/Info.plist;
				IPHONEOS_DEPLOYMENT_TARGET = 11.0;
				LD_RUNPATH_SEARCH_PATHS = (
					"$(inherited)",
					"@executable_path/Frameworks",
					"@loader_path/Frameworks",
				);
				OTHER_LDFLAGS = (
					"-ObjC",
					"-lc++",
					"$(inherited)",
				);
				PRODUCT_BUNDLE_IDENTIFIER = "org.reactjs.native.example.$(PRODUCT_NAME:rfc1034identifier)";
				PRODUCT_NAME = "$(TARGET_NAME)";
				TEST_HOST = "$(BUILT_PRODUCTS_DIR)/react_native.app/react_native";
			};
			name = Debug;
		};
		00E356F71AD99517003FC87E /* Release */ = {
			isa = XCBuildConfiguration;
			baseConfigurationReference = 75761EF50EF77BCA50753A7A /* Pods-react_native-react_nativeTests.release.xcconfig */;
			buildSettings = {
				BUNDLE_LOADER = "$(TEST_HOST)";
				COPY_PHASE_STRIP = NO;
				INFOPLIST_FILE = react_nativeTests/Info.plist;
				IPHONEOS_DEPLOYMENT_TARGET = 11.0;
				LD_RUNPATH_SEARCH_PATHS = (
					"$(inherited)",
					"@executable_path/Frameworks",
					"@loader_path/Frameworks",
				);
				OTHER_LDFLAGS = (
					"-ObjC",
					"-lc++",
					"$(inherited)",
				);
				PRODUCT_BUNDLE_IDENTIFIER = "org.reactjs.native.example.$(PRODUCT_NAME:rfc1034identifier)";
				PRODUCT_NAME = "$(TARGET_NAME)";
				TEST_HOST = "$(BUILT_PRODUCTS_DIR)/react_native.app/react_native";
			};
			name = Release;
		};
		13B07F941A680F5B00A75B9A /* Debug */ = {
			isa = XCBuildConfiguration;
			baseConfigurationReference = 4D13BF20A90E24B983D78148 /* Pods-react_native.debug.xcconfig */;
			buildSettings = {
				ASSETCATALOG_COMPILER_APPICON_NAME = AppIcon;
				CLANG_ENABLE_MODULES = YES;
				CURRENT_PROJECT_VERSION = 1;
				ENABLE_BITCODE = NO;
				INFOPLIST_FILE = react_native/Info.plist;
				LD_RUNPATH_SEARCH_PATHS = (
					"$(inherited)",
					"@executable_path/Frameworks",
				);
				OTHER_LDFLAGS = (
					"$(inherited)",
					"-ObjC",
					"-lc++",
				);
				PRODUCT_BUNDLE_IDENTIFIER = "org.reactjs.native.example.$(PRODUCT_NAME:rfc1034identifier)";
				PRODUCT_NAME = react_native;
				SWIFT_OPTIMIZATION_LEVEL = "-Onone";
				SWIFT_VERSION = 5.0;
				VERSIONING_SYSTEM = "apple-generic";
			};
			name = Debug;
		};
		13B07F951A680F5B00A75B9A /* Release */ = {
			isa = XCBuildConfiguration;
			baseConfigurationReference = F2163B55018D837D3E824528 /* Pods-react_native.release.xcconfig */;
			buildSettings = {
				ASSETCATALOG_COMPILER_APPICON_NAME = AppIcon;
				CLANG_ENABLE_MODULES = YES;
				CURRENT_PROJECT_VERSION = 1;
				INFOPLIST_FILE = react_native/Info.plist;
				LD_RUNPATH_SEARCH_PATHS = (
					"$(inherited)",
					"@executable_path/Frameworks",
				);
				OTHER_LDFLAGS = (
					"$(inherited)",
					"-ObjC",
					"-lc++",
				);
				PRODUCT_BUNDLE_IDENTIFIER = "org.reactjs.native.example.$(PRODUCT_NAME:rfc1034identifier)";
				PRODUCT_NAME = react_native;
				SWIFT_VERSION = 5.0;
				VERSIONING_SYSTEM = "apple-generic";
			};
			name = Release;
		};
		83CBBA201A601CBA00E9B192 /* Debug */ = {
			isa = XCBuildConfiguration;
			buildSettings = {
				ALWAYS_SEARCH_USER_PATHS = NO;
				CLANG_ANALYZER_LOCALIZABILITY_NONLOCALIZED = YES;
				CLANG_CXX_LANGUAGE_STANDARD = "gnu++0x";
				CLANG_CXX_LIBRARY = "libc++";
				CLANG_ENABLE_MODULES = YES;
				CLANG_ENABLE_OBJC_ARC = YES;
				CLANG_WARN_BLOCK_CAPTURE_AUTORELEASING = YES;
				CLANG_WARN_BOOL_CONVERSION = YES;
				CLANG_WARN_COMMA = YES;
				CLANG_WARN_CONSTANT_CONVERSION = YES;
				CLANG_WARN_DEPRECATED_OBJC_IMPLEMENTATIONS = YES;
				CLANG_WARN_DIRECT_OBJC_ISA_USAGE = YES_ERROR;
				CLANG_WARN_EMPTY_BODY = YES;
				CLANG_WARN_ENUM_CONVERSION = YES;
				CLANG_WARN_INFINITE_RECURSION = YES;
				CLANG_WARN_INT_CONVERSION = YES;
				CLANG_WARN_NON_LITERAL_NULL_CONVERSION = YES;
				CLANG_WARN_OBJC_IMPLICIT_RETAIN_SELF = YES;
				CLANG_WARN_OBJC_LITERAL_CONVERSION = YES;
				CLANG_WARN_OBJC_ROOT_CLASS = YES_ERROR;
				CLANG_WARN_QUOTED_INCLUDE_IN_FRAMEWORK_HEADER = YES;
				CLANG_WARN_RANGE_LOOP_ANALYSIS = YES;
				CLANG_WARN_STRICT_PROTOTYPES = YES;
				CLANG_WARN_SUSPICIOUS_MOVE = YES;
				CLANG_WARN_UNREACHABLE_CODE = YES;
				CLANG_WARN__DUPLICATE_METHOD_MATCH = YES;
				"CODE_SIGN_IDENTITY[sdk=iphoneos*]" = "iPhone Developer";
				COPY_PHASE_STRIP = NO;
				ENABLE_STRICT_OBJC_MSGSEND = YES;
				ENABLE_TESTABILITY = YES;
				"EXCLUDED_ARCHS[sdk=iphonesimulator*]" = "arm64 ";
				GCC_C_LANGUAGE_STANDARD = gnu99;
				GCC_DYNAMIC_NO_PIC = NO;
				GCC_NO_COMMON_BLOCKS = YES;
				GCC_OPTIMIZATION_LEVEL = 0;
				GCC_PREPROCESSOR_DEFINITIONS = (
					"DEBUG=1",
					"$(inherited)",
				);
				GCC_SYMBOLS_PRIVATE_EXTERN = NO;
				GCC_WARN_64_TO_32_BIT_CONVERSION = YES;
				GCC_WARN_ABOUT_RETURN_TYPE = YES_ERROR;
				GCC_WARN_UNDECLARED_SELECTOR = YES;
				GCC_WARN_UNINITIALIZED_AUTOS = YES_AGGRESSIVE;
				GCC_WARN_UNUSED_FUNCTION = YES;
				GCC_WARN_UNUSED_VARIABLE = YES;
				IPHONEOS_DEPLOYMENT_TARGET = 11.0;
				LD_RUNPATH_SEARCH_PATHS = (
					/usr/lib/swift,
					"$(inherited)",
				);
				LIBRARY_SEARCH_PATHS = (
					"\"$(TOOLCHAIN_DIR)/usr/lib/swift/$(PLATFORM_NAME)\"",
					"\"$(TOOLCHAIN_DIR)/usr/lib/swift-5.0/$(PLATFORM_NAME)\"",
					"\"$(inherited)\"",
				);
				MTL_ENABLE_DEBUG_INFO = YES;
				ONLY_ACTIVE_ARCH = YES;
				SDKROOT = iphoneos;
			};
			name = Debug;
		};
		83CBBA211A601CBA00E9B192 /* Release */ = {
			isa = XCBuildConfiguration;
			buildSettings = {
				ALWAYS_SEARCH_USER_PATHS = NO;
				CLANG_ANALYZER_LOCALIZABILITY_NONLOCALIZED = YES;
				CLANG_CXX_LANGUAGE_STANDARD = "gnu++0x";
				CLANG_CXX_LIBRARY = "libc++";
				CLANG_ENABLE_MODULES = YES;
				CLANG_ENABLE_OBJC_ARC = YES;
				CLANG_WARN_BLOCK_CAPTURE_AUTORELEASING = YES;
				CLANG_WARN_BOOL_CONVERSION = YES;
				CLANG_WARN_COMMA = YES;
				CLANG_WARN_CONSTANT_CONVERSION = YES;
				CLANG_WARN_DEPRECATED_OBJC_IMPLEMENTATIONS = YES;
				CLANG_WARN_DIRECT_OBJC_ISA_USAGE = YES_ERROR;
				CLANG_WARN_EMPTY_BODY = YES;
				CLANG_WARN_ENUM_CONVERSION = YES;
				CLANG_WARN_INFINITE_RECURSION = YES;
				CLANG_WARN_INT_CONVERSION = YES;
				CLANG_WARN_NON_LITERAL_NULL_CONVERSION = YES;
				CLANG_WARN_OBJC_IMPLICIT_RETAIN_SELF = YES;
				CLANG_WARN_OBJC_LITERAL_CONVERSION = YES;
				CLANG_WARN_OBJC_ROOT_CLASS = YES_ERROR;
				CLANG_WARN_QUOTED_INCLUDE_IN_FRAMEWORK_HEADER = YES;
				CLANG_WARN_RANGE_LOOP_ANALYSIS = YES;
				CLANG_WARN_STRICT_PROTOTYPES = YES;
				CLANG_WARN_SUSPICIOUS_MOVE = YES;
				CLANG_WARN_UNREACHABLE_CODE = YES;
				CLANG_WARN__DUPLICATE_METHOD_MATCH = YES;
				"CODE_SIGN_IDENTITY[sdk=iphoneos*]" = "iPhone Developer";
				COPY_PHASE_STRIP = YES;
				ENABLE_NS_ASSERTIONS = NO;
				ENABLE_STRICT_OBJC_MSGSEND = YES;
				"EXCLUDED_ARCHS[sdk=iphonesimulator*]" = "arm64 ";
				GCC_C_LANGUAGE_STANDARD = gnu99;
				GCC_NO_COMMON_BLOCKS = YES;
				GCC_WARN_64_TO_32_BIT_CONVERSION = YES;
				GCC_WARN_ABOUT_RETURN_TYPE = YES_ERROR;
				GCC_WARN_UNDECLARED_SELECTOR = YES;
				GCC_WARN_UNINITIALIZED_AUTOS = YES_AGGRESSIVE;
				GCC_WARN_UNUSED_FUNCTION = YES;
				GCC_WARN_UNUSED_VARIABLE = YES;
				IPHONEOS_DEPLOYMENT_TARGET = 11.0;
				LD_RUNPATH_SEARCH_PATHS = (
					/usr/lib/swift,
					"$(inherited)",
				);
				LIBRARY_SEARCH_PATHS = (
					"\"$(TOOLCHAIN_DIR)/usr/lib/swift/$(PLATFORM_NAME)\"",
					"\"$(TOOLCHAIN_DIR)/usr/lib/swift-5.0/$(PLATFORM_NAME)\"",
					"\"$(inherited)\"",
				);
				MTL_ENABLE_DEBUG_INFO = NO;
				SDKROOT = iphoneos;
				VALIDATE_PRODUCT = YES;
			};
			name = Release;
		};
/* End XCBuildConfiguration section */

/* Begin XCConfigurationList section */
		00E357021AD99517003FC87E /* Build configuration list for PBXNativeTarget "react_nativeTests" */ = {
			isa = XCConfigurationList;
			buildConfigurations = (
				00E356F61AD99517003FC87E /* Debug */,
				00E356F71AD99517003FC87E /* Release */,
			);
			defaultConfigurationIsVisible = 0;
			defaultConfigurationName = Release;
		};
		13B07F931A680F5B00A75B9A /* Build configuration list for PBXNativeTarget "react_native" */ = {
			isa = XCConfigurationList;
			buildConfigurations = (
				13B07F941A680F5B00A75B9A /* Debug */,
				13B07F951A680F5B00A75B9A /* Release */,
			);
			defaultConfigurationIsVisible = 0;
			defaultConfigurationName = Release;
		};
		83CBB9FA1A601CBA00E9B192 /* Build configuration list for PBXProject "react_native" */ = {
			isa = XCConfigurationList;
			buildConfigurations = (
				83CBBA201A601CBA00E9B192 /* Debug */,
				83CBBA211A601CBA00E9B192 /* Release */,
			);
			defaultConfigurationIsVisible = 0;
			defaultConfigurationName = Release;
		};
/* End XCConfigurationList section */
	};
	rootObject = 83CBB9F71A601CBA00E9B192 /* Project object */;
}
